// !$*UTF8*$!
{
	archiveVersion = 1;
	classes = {
	};
	objectVersion = 46;
	objects = {

/* Begin PBXBuildFile section */
		4F14A20118A5B0ED00EBB457 /* Foundation.framework in Frameworks */ = {isa = PBXBuildFile; fileRef = 4F14A20018A5B0ED00EBB457 /* Foundation.framework */; };
		4F14A20318A5B0ED00EBB457 /* CoreGraphics.framework in Frameworks */ = {isa = PBXBuildFile; fileRef = 4F14A20218A5B0ED00EBB457 /* CoreGraphics.framework */; };
		4F14A20518A5B0ED00EBB457 /* UIKit.framework in Frameworks */ = {isa = PBXBuildFile; fileRef = 4F14A20418A5B0ED00EBB457 /* UIKit.framework */; };
		4F14A20B18A5B0ED00EBB457 /* InfoPlist.strings in Resources */ = {isa = PBXBuildFile; fileRef = 4F14A20918A5B0ED00EBB457 /* InfoPlist.strings */; };
		4F14A20D18A5B0ED00EBB457 /* main.m in Sources */ = {isa = PBXBuildFile; fileRef = 4F14A20C18A5B0ED00EBB457 /* main.m */; };
		4F14A21118A5B0ED00EBB457 /* AppDelegate.m in Sources */ = {isa = PBXBuildFile; fileRef = 4F14A21018A5B0ED00EBB457 /* AppDelegate.m */; };
		4F14A21A18A5B0ED00EBB457 /* ViewController.m in Sources */ = {isa = PBXBuildFile; fileRef = 4F14A21918A5B0ED00EBB457 /* ViewController.m */; };
		4F14A21C18A5B0ED00EBB457 /* Images.xcassets in Resources */ = {isa = PBXBuildFile; fileRef = 4F14A21B18A5B0ED00EBB457 /* Images.xcassets */; };
		4F14A22318A5B0ED00EBB457 /* XCTest.framework in Frameworks */ = {isa = PBXBuildFile; fileRef = 4F14A22218A5B0ED00EBB457 /* XCTest.framework */; };
		4F14A22418A5B0ED00EBB457 /* Foundation.framework in Frameworks */ = {isa = PBXBuildFile; fileRef = 4F14A20018A5B0ED00EBB457 /* Foundation.framework */; };
		4F14A22518A5B0ED00EBB457 /* UIKit.framework in Frameworks */ = {isa = PBXBuildFile; fileRef = 4F14A20418A5B0ED00EBB457 /* UIKit.framework */; };
		4F14A22D18A5B0ED00EBB457 /* InfoPlist.strings in Resources */ = {isa = PBXBuildFile; fileRef = 4F14A22B18A5B0ED00EBB457 /* InfoPlist.strings */; };
		4F14A22F18A5B0ED00EBB457 /* vineLineTests.m in Sources */ = {isa = PBXBuildFile; fileRef = 4F14A22E18A5B0ED00EBB457 /* vineLineTests.m */; };
		4F30EFC818A5B93D00DD3079 /* viewLogin.m in Sources */ = {isa = PBXBuildFile; fileRef = 4F30EFC418A5B93D00DD3079 /* viewLogin.m */; };
		4F30EFC918A5B93D00DD3079 /* viewTimeline.m in Sources */ = {isa = PBXBuildFile; fileRef = 4F30EFC718A5B93D00DD3079 /* viewTimeline.m */; };
		4F30EFD418A5D77E00DD3079 /* viewSearch.m in Sources */ = {isa = PBXBuildFile; fileRef = 4F30EFD318A5D77E00DD3079 /* viewSearch.m */; };
		4F30EFEA18A6022600DD3079 /* AFHTTPRequestOperation.m in Sources */ = {isa = PBXBuildFile; fileRef = 4F30EFD818A6022600DD3079 /* AFHTTPRequestOperation.m */; settings = {COMPILER_FLAGS = "-fobjc-arc"; }; };
		4F30EFEB18A6022600DD3079 /* AFHTTPRequestOperationManager.m in Sources */ = {isa = PBXBuildFile; fileRef = 4F30EFDA18A6022600DD3079 /* AFHTTPRequestOperationManager.m */; settings = {COMPILER_FLAGS = "-fobjc-arc"; }; };
		4F30EFEC18A6022600DD3079 /* AFHTTPSessionManager.m in Sources */ = {isa = PBXBuildFile; fileRef = 4F30EFDC18A6022600DD3079 /* AFHTTPSessionManager.m */; settings = {COMPILER_FLAGS = "-fobjc-arc"; }; };
		4F30EFED18A6022600DD3079 /* AFNetworkReachabilityManager.m in Sources */ = {isa = PBXBuildFile; fileRef = 4F30EFDF18A6022600DD3079 /* AFNetworkReachabilityManager.m */; settings = {COMPILER_FLAGS = "-fobjc-arc"; }; };
		4F30EFEE18A6022600DD3079 /* AFSecurityPolicy.m in Sources */ = {isa = PBXBuildFile; fileRef = 4F30EFE118A6022600DD3079 /* AFSecurityPolicy.m */; settings = {COMPILER_FLAGS = "-fobjc-arc"; }; };
		4F30EFEF18A6022600DD3079 /* AFURLConnectionOperation.m in Sources */ = {isa = PBXBuildFile; fileRef = 4F30EFE318A6022600DD3079 /* AFURLConnectionOperation.m */; settings = {COMPILER_FLAGS = "-fobjc-arc"; }; };
		4F30EFF018A6022600DD3079 /* AFURLRequestSerialization.m in Sources */ = {isa = PBXBuildFile; fileRef = 4F30EFE518A6022600DD3079 /* AFURLRequestSerialization.m */; settings = {COMPILER_FLAGS = "-fobjc-arc"; }; };
		4F30EFF118A6022600DD3079 /* AFURLResponseSerialization.m in Sources */ = {isa = PBXBuildFile; fileRef = 4F30EFE718A6022600DD3079 /* AFURLResponseSerialization.m */; settings = {COMPILER_FLAGS = "-fobjc-arc"; }; };
		4F30EFF218A6022600DD3079 /* AFURLSessionManager.m in Sources */ = {isa = PBXBuildFile; fileRef = 4F30EFE918A6022600DD3079 /* AFURLSessionManager.m */; settings = {COMPILER_FLAGS = "-fobjc-arc"; }; };
/* End PBXBuildFile section */

/* Begin PBXContainerItemProxy section */
		4F14A22618A5B0ED00EBB457 /* PBXContainerItemProxy */ = {
			isa = PBXContainerItemProxy;
			containerPortal = 4F14A1F518A5B0ED00EBB457 /* Project object */;
			proxyType = 1;
			remoteGlobalIDString = 4F14A1FC18A5B0ED00EBB457;
			remoteInfo = vineLine;
		};
/* End PBXContainerItemProxy section */

/* Begin PBXFileReference section */
		4F14A1FD18A5B0ED00EBB457 /* vineLine.app */ = {isa = PBXFileReference; explicitFileType = wrapper.application; includeInIndex = 0; path = vineLine.app; sourceTree = BUILT_PRODUCTS_DIR; };
		4F14A20018A5B0ED00EBB457 /* Foundation.framework */ = {isa = PBXFileReference; lastKnownFileType = wrapper.framework; name = Foundation.framework; path = System/Library/Frameworks/Foundation.framework; sourceTree = SDKROOT; };
		4F14A20218A5B0ED00EBB457 /* CoreGraphics.framework */ = {isa = PBXFileReference; lastKnownFileType = wrapper.framework; name = CoreGraphics.framework; path = System/Library/Frameworks/CoreGraphics.framework; sourceTree = SDKROOT; };
		4F14A20418A5B0ED00EBB457 /* UIKit.framework */ = {isa = PBXFileReference; lastKnownFileType = wrapper.framework; name = UIKit.framework; path = System/Library/Frameworks/UIKit.framework; sourceTree = SDKROOT; };
		4F14A20818A5B0ED00EBB457 /* vineLine-Info.plist */ = {isa = PBXFileReference; lastKnownFileType = text.plist.xml; path = "vineLine-Info.plist"; sourceTree = "<group>"; };
		4F14A20A18A5B0ED00EBB457 /* en */ = {isa = PBXFileReference; lastKnownFileType = text.plist.strings; name = en; path = en.lproj/InfoPlist.strings; sourceTree = "<group>"; };
		4F14A20C18A5B0ED00EBB457 /* main.m */ = {isa = PBXFileReference; lastKnownFileType = sourcecode.c.objc; path = main.m; sourceTree = "<group>"; };
		4F14A20E18A5B0ED00EBB457 /* vineLine-Prefix.pch */ = {isa = PBXFileReference; lastKnownFileType = sourcecode.c.h; path = "vineLine-Prefix.pch"; sourceTree = "<group>"; };
		4F14A20F18A5B0ED00EBB457 /* AppDelegate.h */ = {isa = PBXFileReference; lastKnownFileType = sourcecode.c.h; path = AppDelegate.h; sourceTree = "<group>"; };
		4F14A21018A5B0ED00EBB457 /* AppDelegate.m */ = {isa = PBXFileReference; lastKnownFileType = sourcecode.c.objc; path = AppDelegate.m; sourceTree = "<group>"; };
		4F14A21818A5B0ED00EBB457 /* ViewController.h */ = {isa = PBXFileReference; lastKnownFileType = sourcecode.c.h; path = ViewController.h; sourceTree = "<group>"; };
		4F14A21918A5B0ED00EBB457 /* ViewController.m */ = {isa = PBXFileReference; lastKnownFileType = sourcecode.c.objc; path = ViewController.m; sourceTree = "<group>"; };
		4F14A21B18A5B0ED00EBB457 /* Images.xcassets */ = {isa = PBXFileReference; lastKnownFileType = folder.assetcatalog; path = Images.xcassets; sourceTree = "<group>"; };
		4F14A22118A5B0ED00EBB457 /* vineLineTests.xctest */ = {isa = PBXFileReference; explicitFileType = wrapper.cfbundle; includeInIndex = 0; path = vineLineTests.xctest; sourceTree = BUILT_PRODUCTS_DIR; };
		4F14A22218A5B0ED00EBB457 /* XCTest.framework */ = {isa = PBXFileReference; lastKnownFileType = wrapper.framework; name = XCTest.framework; path = Library/Frameworks/XCTest.framework; sourceTree = DEVELOPER_DIR; };
		4F14A22A18A5B0ED00EBB457 /* vineLineTests-Info.plist */ = {isa = PBXFileReference; lastKnownFileType = text.plist.xml; path = "vineLineTests-Info.plist"; sourceTree = "<group>"; };
		4F14A22C18A5B0ED00EBB457 /* en */ = {isa = PBXFileReference; lastKnownFileType = text.plist.strings; name = en; path = en.lproj/InfoPlist.strings; sourceTree = "<group>"; };
		4F14A22E18A5B0ED00EBB457 /* vineLineTests.m */ = {isa = PBXFileReference; lastKnownFileType = sourcecode.c.objc; path = vineLineTests.m; sourceTree = "<group>"; };
		4F30EFC318A5B93D00DD3079 /* viewLogin.h */ = {isa = PBXFileReference; fileEncoding = 4; lastKnownFileType = sourcecode.c.h; path = viewLogin.h; sourceTree = "<group>"; };
		4F30EFC418A5B93D00DD3079 /* viewLogin.m */ = {isa = PBXFileReference; fileEncoding = 4; lastKnownFileType = sourcecode.c.objc; path = viewLogin.m; sourceTree = "<group>"; };
		4F30EFC618A5B93D00DD3079 /* viewTimeline.h */ = {isa = PBXFileReference; fileEncoding = 4; lastKnownFileType = sourcecode.c.h; path = viewTimeline.h; sourceTree = "<group>"; };
		4F30EFC718A5B93D00DD3079 /* viewTimeline.m */ = {isa = PBXFileReference; fileEncoding = 4; lastKnownFileType = sourcecode.c.objc; path = viewTimeline.m; sourceTree = "<group>"; };
		4F30EFCE18A5C4B800DD3079 /* UserDefaults.h */ = {isa = PBXFileReference; lastKnownFileType = sourcecode.c.h; path = UserDefaults.h; sourceTree = "<group>"; };
		4F30EFD018A5CFCD00DD3079 /* performblock.h */ = {isa = PBXFileReference; fileEncoding = 4; lastKnownFileType = sourcecode.c.h; path = performblock.h; sourceTree = "<group>"; };
		4F30EFD218A5D77E00DD3079 /* viewSearch.h */ = {isa = PBXFileReference; fileEncoding = 4; lastKnownFileType = sourcecode.c.h; path = viewSearch.h; sourceTree = "<group>"; };
		4F30EFD318A5D77E00DD3079 /* viewSearch.m */ = {isa = PBXFileReference; fileEncoding = 4; lastKnownFileType = sourcecode.c.objc; path = viewSearch.m; sourceTree = "<group>"; };
		4F30EFD718A6022600DD3079 /* AFHTTPRequestOperation.h */ = {isa = PBXFileReference; fileEncoding = 4; lastKnownFileType = sourcecode.c.h; path = AFHTTPRequestOperation.h; sourceTree = "<group>"; };
		4F30EFD818A6022600DD3079 /* AFHTTPRequestOperation.m */ = {isa = PBXFileReference; fileEncoding = 4; lastKnownFileType = sourcecode.c.objc; path = AFHTTPRequestOperation.m; sourceTree = "<group>"; };
		4F30EFD918A6022600DD3079 /* AFHTTPRequestOperationManager.h */ = {isa = PBXFileReference; fileEncoding = 4; lastKnownFileType = sourcecode.c.h; path = AFHTTPRequestOperationManager.h; sourceTree = "<group>"; };
		4F30EFDA18A6022600DD3079 /* AFHTTPRequestOperationManager.m */ = {isa = PBXFileReference; fileEncoding = 4; lastKnownFileType = sourcecode.c.objc; path = AFHTTPRequestOperationManager.m; sourceTree = "<group>"; };
		4F30EFDB18A6022600DD3079 /* AFHTTPSessionManager.h */ = {isa = PBXFileReference; fileEncoding = 4; lastKnownFileType = sourcecode.c.h; path = AFHTTPSessionManager.h; sourceTree = "<group>"; };
		4F30EFDC18A6022600DD3079 /* AFHTTPSessionManager.m */ = {isa = PBXFileReference; fileEncoding = 4; lastKnownFileType = sourcecode.c.objc; path = AFHTTPSessionManager.m; sourceTree = "<group>"; };
		4F30EFDD18A6022600DD3079 /* AFNetworking.h */ = {isa = PBXFileReference; fileEncoding = 4; lastKnownFileType = sourcecode.c.h; path = AFNetworking.h; sourceTree = "<group>"; };
		4F30EFDE18A6022600DD3079 /* AFNetworkReachabilityManager.h */ = {isa = PBXFileReference; fileEncoding = 4; lastKnownFileType = sourcecode.c.h; path = AFNetworkReachabilityManager.h; sourceTree = "<group>"; };
		4F30EFDF18A6022600DD3079 /* AFNetworkReachabilityManager.m */ = {isa = PBXFileReference; fileEncoding = 4; lastKnownFileType = sourcecode.c.objc; path = AFNetworkReachabilityManager.m; sourceTree = "<group>"; };
		4F30EFE018A6022600DD3079 /* AFSecurityPolicy.h */ = {isa = PBXFileReference; fileEncoding = 4; lastKnownFileType = sourcecode.c.h; path = AFSecurityPolicy.h; sourceTree = "<group>"; };
		4F30EFE118A6022600DD3079 /* AFSecurityPolicy.m */ = {isa = PBXFileReference; fileEncoding = 4; lastKnownFileType = sourcecode.c.objc; path = AFSecurityPolicy.m; sourceTree = "<group>"; };
		4F30EFE218A6022600DD3079 /* AFURLConnectionOperation.h */ = {isa = PBXFileReference; fileEncoding = 4; lastKnownFileType = sourcecode.c.h; path = AFURLConnectionOperation.h; sourceTree = "<group>"; };
		4F30EFE318A6022600DD3079 /* AFURLConnectionOperation.m */ = {isa = PBXFileReference; fileEncoding = 4; lastKnownFileType = sourcecode.c.objc; path = AFURLConnectionOperation.m; sourceTree = "<group>"; };
		4F30EFE418A6022600DD3079 /* AFURLRequestSerialization.h */ = {isa = PBXFileReference; fileEncoding = 4; lastKnownFileType = sourcecode.c.h; path = AFURLRequestSerialization.h; sourceTree = "<group>"; };
		4F30EFE518A6022600DD3079 /* AFURLRequestSerialization.m */ = {isa = PBXFileReference; fileEncoding = 4; lastKnownFileType = sourcecode.c.objc; path = AFURLRequestSerialization.m; sourceTree = "<group>"; };
		4F30EFE618A6022600DD3079 /* AFURLResponseSerialization.h */ = {isa = PBXFileReference; fileEncoding = 4; lastKnownFileType = sourcecode.c.h; path = AFURLResponseSerialization.h; sourceTree = "<group>"; };
		4F30EFE718A6022600DD3079 /* AFURLResponseSerialization.m */ = {isa = PBXFileReference; fileEncoding = 4; lastKnownFileType = sourcecode.c.objc; path = AFURLResponseSerialization.m; sourceTree = "<group>"; };
		4F30EFE818A6022600DD3079 /* AFURLSessionManager.h */ = {isa = PBXFileReference; fileEncoding = 4; lastKnownFileType = sourcecode.c.h; path = AFURLSessionManager.h; sourceTree = "<group>"; };
		4F30EFE918A6022600DD3079 /* AFURLSessionManager.m */ = {isa = PBXFileReference; fileEncoding = 4; lastKnownFileType = sourcecode.c.objc; path = AFURLSessionManager.m; sourceTree = "<group>"; };
/* End PBXFileReference section */

/* Begin PBXFrameworksBuildPhase section */
		4F14A1FA18A5B0ED00EBB457 /* Frameworks */ = {
			isa = PBXFrameworksBuildPhase;
			buildActionMask = 2147483647;
			files = (
				4F14A20318A5B0ED00EBB457 /* CoreGraphics.framework in Frameworks */,
				4F14A20518A5B0ED00EBB457 /* UIKit.framework in Frameworks */,
				4F14A20118A5B0ED00EBB457 /* Foundation.framework in Frameworks */,
			);
			runOnlyForDeploymentPostprocessing = 0;
		};
		4F14A21E18A5B0ED00EBB457 /* Frameworks */ = {
			isa = PBXFrameworksBuildPhase;
			buildActionMask = 2147483647;
			files = (
				4F14A22318A5B0ED00EBB457 /* XCTest.framework in Frameworks */,
				4F14A22518A5B0ED00EBB457 /* UIKit.framework in Frameworks */,
				4F14A22418A5B0ED00EBB457 /* Foundation.framework in Frameworks */,
			);
			runOnlyForDeploymentPostprocessing = 0;
		};
/* End PBXFrameworksBuildPhase section */

/* Begin PBXGroup section */
		4F14A1F418A5B0ED00EBB457 = {
			isa = PBXGroup;
			children = (
				4F14A20618A5B0ED00EBB457 /* vineLine */,
				4F14A22818A5B0ED00EBB457 /* vineLineTests */,
				4F14A1FF18A5B0ED00EBB457 /* Frameworks */,
				4F14A1FE18A5B0ED00EBB457 /* Products */,
			);
			sourceTree = "<group>";
		};
		4F14A1FE18A5B0ED00EBB457 /* Products */ = {
			isa = PBXGroup;
			children = (
				4F14A1FD18A5B0ED00EBB457 /* vineLine.app */,
				4F14A22118A5B0ED00EBB457 /* vineLineTests.xctest */,
			);
			name = Products;
			sourceTree = "<group>";
		};
		4F14A1FF18A5B0ED00EBB457 /* Frameworks */ = {
			isa = PBXGroup;
			children = (
				4F14A20018A5B0ED00EBB457 /* Foundation.framework */,
				4F14A20218A5B0ED00EBB457 /* CoreGraphics.framework */,
				4F14A20418A5B0ED00EBB457 /* UIKit.framework */,
				4F14A22218A5B0ED00EBB457 /* XCTest.framework */,
			);
			name = Frameworks;
			sourceTree = "<group>";
		};
		4F14A20618A5B0ED00EBB457 /* vineLine */ = {
			isa = PBXGroup;
			children = (
				4F30EFD518A6022500DD3079 /* Lib */,
				4F30EFCF18A5CFCD00DD3079 /* performblock */,
				4F30EFCA18A5C3DB00DD3079 /* definition */,
				4F30EFC218A5B93D00DD3079 /* viewLogin */,
				4F30EFC518A5B93D00DD3079 /* viewTimeline */,
				4F14A20F18A5B0ED00EBB457 /* AppDelegate.h */,
				4F14A21018A5B0ED00EBB457 /* AppDelegate.m */,
				4F14A21818A5B0ED00EBB457 /* ViewController.h */,
				4F14A21918A5B0ED00EBB457 /* ViewController.m */,
				4F14A21B18A5B0ED00EBB457 /* Images.xcassets */,
				4F14A20718A5B0ED00EBB457 /* Supporting Files */,
			);
			path = vineLine;
			sourceTree = "<group>";
		};
		4F14A20718A5B0ED00EBB457 /* Supporting Files */ = {
			isa = PBXGroup;
			children = (
				4F14A20818A5B0ED00EBB457 /* vineLine-Info.plist */,
				4F14A20918A5B0ED00EBB457 /* InfoPlist.strings */,
				4F14A20C18A5B0ED00EBB457 /* main.m */,
				4F14A20E18A5B0ED00EBB457 /* vineLine-Prefix.pch */,
			);
			name = "Supporting Files";
			sourceTree = "<group>";
		};
		4F14A22818A5B0ED00EBB457 /* vineLineTests */ = {
			isa = PBXGroup;
			children = (
				4F14A22E18A5B0ED00EBB457 /* vineLineTests.m */,
				4F14A22918A5B0ED00EBB457 /* Supporting Files */,
			);
			path = vineLineTests;
			sourceTree = "<group>";
		};
		4F14A22918A5B0ED00EBB457 /* Supporting Files */ = {
			isa = PBXGroup;
			children = (
				4F14A22A18A5B0ED00EBB457 /* vineLineTests-Info.plist */,
				4F14A22B18A5B0ED00EBB457 /* InfoPlist.strings */,
			);
			name = "Supporting Files";
			sourceTree = "<group>";
		};
		4F30EFC218A5B93D00DD3079 /* viewLogin */ = {
			isa = PBXGroup;
			children = (
				4F30EFC318A5B93D00DD3079 /* viewLogin.h */,
				4F30EFC418A5B93D00DD3079 /* viewLogin.m */,
			);
			path = viewLogin;
			sourceTree = "<group>";
		};
		4F30EFC518A5B93D00DD3079 /* viewTimeline */ = {
			isa = PBXGroup;
			children = (
				4F30EFD118A5D77E00DD3079 /* viewSearch */,
				4F30EFC618A5B93D00DD3079 /* viewTimeline.h */,
				4F30EFC718A5B93D00DD3079 /* viewTimeline.m */,
			);
			path = viewTimeline;
			sourceTree = "<group>";
		};
		4F30EFCA18A5C3DB00DD3079 /* definition */ = {
			isa = PBXGroup;
			children = (
				4F30EFCE18A5C4B800DD3079 /* UserDefaults.h */,
			);
			path = definition;
			sourceTree = "<group>";
		};
		4F30EFCF18A5CFCD00DD3079 /* performblock */ = {
			isa = PBXGroup;
			children = (
				4F30EFD018A5CFCD00DD3079 /* performblock.h */,
			);
			path = performblock;
			sourceTree = "<group>";
		};
		4F30EFD118A5D77E00DD3079 /* viewSearch */ = {
			isa = PBXGroup;
			children = (
				4F30EFD218A5D77E00DD3079 /* viewSearch.h */,
				4F30EFD318A5D77E00DD3079 /* viewSearch.m */,
			);
			path = viewSearch;
			sourceTree = "<group>";
		};
		4F30EFD518A6022500DD3079 /* Lib */ = {
			isa = PBXGroup;
			children = (
				4F30EFD618A6022500DD3079 /* AFNetworking */,
			);
			path = Lib;
			sourceTree = "<group>";
		};
		4F30EFD618A6022500DD3079 /* AFNetworking */ = {
			isa = PBXGroup;
			children = (
				4F30EFD718A6022600DD3079 /* AFHTTPRequestOperation.h */,
				4F30EFD818A6022600DD3079 /* AFHTTPRequestOperation.m */,
				4F30EFD918A6022600DD3079 /* AFHTTPRequestOperationManager.h */,
				4F30EFDA18A6022600DD3079 /* AFHTTPRequestOperationManager.m */,
				4F30EFDB18A6022600DD3079 /* AFHTTPSessionManager.h */,
				4F30EFDC18A6022600DD3079 /* AFHTTPSessionManager.m */,
				4F30EFDD18A6022600DD3079 /* AFNetworking.h */,
				4F30EFDE18A6022600DD3079 /* AFNetworkReachabilityManager.h */,
				4F30EFDF18A6022600DD3079 /* AFNetworkReachabilityManager.m */,
				4F30EFE018A6022600DD3079 /* AFSecurityPolicy.h */,
				4F30EFE118A6022600DD3079 /* AFSecurityPolicy.m */,
				4F30EFE218A6022600DD3079 /* AFURLConnectionOperation.h */,
				4F30EFE318A6022600DD3079 /* AFURLConnectionOperation.m */,
				4F30EFE418A6022600DD3079 /* AFURLRequestSerialization.h */,
				4F30EFE518A6022600DD3079 /* AFURLRequestSerialization.m */,
				4F30EFE618A6022600DD3079 /* AFURLResponseSerialization.h */,
				4F30EFE718A6022600DD3079 /* AFURLResponseSerialization.m */,
				4F30EFE818A6022600DD3079 /* AFURLSessionManager.h */,
				4F30EFE918A6022600DD3079 /* AFURLSessionManager.m */,
			);
			path = AFNetworking;
			sourceTree = "<group>";
		};
/* End PBXGroup section */

/* Begin PBXNativeTarget section */
		4F14A1FC18A5B0ED00EBB457 /* vineLine */ = {
			isa = PBXNativeTarget;
			buildConfigurationList = 4F14A23218A5B0ED00EBB457 /* Build configuration list for PBXNativeTarget "vineLine" */;
			buildPhases = (
				4F14A1F918A5B0ED00EBB457 /* Sources */,
				4F14A1FA18A5B0ED00EBB457 /* Frameworks */,
				4F14A1FB18A5B0ED00EBB457 /* Resources */,
			);
			buildRules = (
			);
			dependencies = (
			);
			name = vineLine;
			productName = vineLine;
			productReference = 4F14A1FD18A5B0ED00EBB457 /* vineLine.app */;
			productType = "com.apple.product-type.application";
		};
		4F14A22018A5B0ED00EBB457 /* vineLineTests */ = {
			isa = PBXNativeTarget;
			buildConfigurationList = 4F14A23518A5B0ED00EBB457 /* Build configuration list for PBXNativeTarget "vineLineTests" */;
			buildPhases = (
				4F14A21D18A5B0ED00EBB457 /* Sources */,
				4F14A21E18A5B0ED00EBB457 /* Frameworks */,
				4F14A21F18A5B0ED00EBB457 /* Resources */,
			);
			buildRules = (
			);
			dependencies = (
				4F14A22718A5B0ED00EBB457 /* PBXTargetDependency */,
			);
			name = vineLineTests;
			productName = vineLineTests;
			productReference = 4F14A22118A5B0ED00EBB457 /* vineLineTests.xctest */;
			productType = "com.apple.product-type.bundle.unit-test";
		};
/* End PBXNativeTarget section */

/* Begin PBXProject section */
		4F14A1F518A5B0ED00EBB457 /* Project object */ = {
			isa = PBXProject;
			attributes = {
				LastUpgradeCheck = 0500;
				ORGANIZATIONNAME = hackhack;
				TargetAttributes = {
					4F14A1FC18A5B0ED00EBB457 = {
						DevelopmentTeam = 9WYE222SKK;
					};
					4F14A22018A5B0ED00EBB457 = {
						TestTargetID = 4F14A1FC18A5B0ED00EBB457;
					};
				};
			};
			buildConfigurationList = 4F14A1F818A5B0ED00EBB457 /* Build configuration list for PBXProject "vineLine" */;
			compatibilityVersion = "Xcode 3.2";
			developmentRegion = English;
			hasScannedForEncodings = 0;
			knownRegions = (
				en,
				Base,
			);
			mainGroup = 4F14A1F418A5B0ED00EBB457;
			productRefGroup = 4F14A1FE18A5B0ED00EBB457 /* Products */;
			projectDirPath = "";
			projectRoot = "";
			targets = (
				4F14A1FC18A5B0ED00EBB457 /* vineLine */,
				4F14A22018A5B0ED00EBB457 /* vineLineTests */,
			);
		};
/* End PBXProject section */

/* Begin PBXResourcesBuildPhase section */
		4F14A1FB18A5B0ED00EBB457 /* Resources */ = {
			isa = PBXResourcesBuildPhase;
			buildActionMask = 2147483647;
			files = (
				4F14A21C18A5B0ED00EBB457 /* Images.xcassets in Resources */,
				4F14A20B18A5B0ED00EBB457 /* InfoPlist.strings in Resources */,
			);
			runOnlyForDeploymentPostprocessing = 0;
		};
		4F14A21F18A5B0ED00EBB457 /* Resources */ = {
			isa = PBXResourcesBuildPhase;
			buildActionMask = 2147483647;
			files = (
				4F14A22D18A5B0ED00EBB457 /* InfoPlist.strings in Resources */,
			);
			runOnlyForDeploymentPostprocessing = 0;
		};
/* End PBXResourcesBuildPhase section */

/* Begin PBXSourcesBuildPhase section */
		4F14A1F918A5B0ED00EBB457 /* Sources */ = {
			isa = PBXSourcesBuildPhase;
			buildActionMask = 2147483647;
			files = (
				4F30EFF218A6022600DD3079 /* AFURLSessionManager.m in Sources */,
				4F30EFD418A5D77E00DD3079 /* viewSearch.m in Sources */,
				4F30EFC918A5B93D00DD3079 /* viewTimeline.m in Sources */,
				4F30EFED18A6022600DD3079 /* AFNetworkReachabilityManager.m in Sources */,
				4F14A21A18A5B0ED00EBB457 /* ViewController.m in Sources */,
				4F30EFEF18A6022600DD3079 /* AFURLConnectionOperation.m in Sources */,
				4F30EFEC18A6022600DD3079 /* AFHTTPSessionManager.m in Sources */,
				4F30EFF018A6022600DD3079 /* AFURLRequestSerialization.m in Sources */,
				4F14A21118A5B0ED00EBB457 /* AppDelegate.m in Sources */,
				4F30EFC818A5B93D00DD3079 /* viewLogin.m in Sources */,
				4F14A20D18A5B0ED00EBB457 /* main.m in Sources */,
				4F30EFEB18A6022600DD3079 /* AFHTTPRequestOperationManager.m in Sources */,
				4F30EFEE18A6022600DD3079 /* AFSecurityPolicy.m in Sources */,
				4F30EFF118A6022600DD3079 /* AFURLResponseSerialization.m in Sources */,
				4F30EFEA18A6022600DD3079 /* AFHTTPRequestOperation.m in Sources */,
			);
			runOnlyForDeploymentPostprocessing = 0;
		};
		4F14A21D18A5B0ED00EBB457 /* Sources */ = {
			isa = PBXSourcesBuildPhase;
			buildActionMask = 2147483647;
			files = (
				4F14A22F18A5B0ED00EBB457 /* vineLineTests.m in Sources */,
			);
			runOnlyForDeploymentPostprocessing = 0;
		};
/* End PBXSourcesBuildPhase section */

/* Begin PBXTargetDependency section */
		4F14A22718A5B0ED00EBB457 /* PBXTargetDependency */ = {
			isa = PBXTargetDependency;
			target = 4F14A1FC18A5B0ED00EBB457 /* vineLine */;
			targetProxy = 4F14A22618A5B0ED00EBB457 /* PBXContainerItemProxy */;
		};
/* End PBXTargetDependency section */

/* Begin PBXVariantGroup section */
		4F14A20918A5B0ED00EBB457 /* InfoPlist.strings */ = {
			isa = PBXVariantGroup;
			children = (
				4F14A20A18A5B0ED00EBB457 /* en */,
			);
			name = InfoPlist.strings;
			sourceTree = "<group>";
		};
		4F14A22B18A5B0ED00EBB457 /* InfoPlist.strings */ = {
			isa = PBXVariantGroup;
			children = (
				4F14A22C18A5B0ED00EBB457 /* en */,
			);
			name = InfoPlist.strings;
			sourceTree = "<group>";
		};
/* End PBXVariantGroup section */

/* Begin XCBuildConfiguration section */
		4F14A23018A5B0ED00EBB457 /* Debug */ = {
			isa = XCBuildConfiguration;
			buildSettings = {
				ALWAYS_SEARCH_USER_PATHS = NO;
				ARCHS = "$(ARCHS_STANDARD_INCLUDING_64_BIT)";
				CLANG_CXX_LANGUAGE_STANDARD = "gnu++0x";
				CLANG_CXX_LIBRARY = "libc++";
				CLANG_ENABLE_MODULES = YES;
				CLANG_ENABLE_OBJC_ARC = YES;
				CLANG_WARN_BOOL_CONVERSION = YES;
				CLANG_WARN_CONSTANT_CONVERSION = YES;
				CLANG_WARN_DIRECT_OBJC_ISA_USAGE = YES_ERROR;
				CLANG_WARN_EMPTY_BODY = YES;
				CLANG_WARN_ENUM_CONVERSION = YES;
				CLANG_WARN_INT_CONVERSION = YES;
				CLANG_WARN_OBJC_ROOT_CLASS = YES_ERROR;
				CLANG_WARN__DUPLICATE_METHOD_MATCH = YES;
				"CODE_SIGN_IDENTITY[sdk=iphoneos*]" = "iPhone Developer";
				COPY_PHASE_STRIP = NO;
				GCC_C_LANGUAGE_STANDARD = gnu99;
				GCC_DYNAMIC_NO_PIC = NO;
				GCC_OPTIMIZATION_LEVEL = 0;
				GCC_PREPROCESSOR_DEFINITIONS = (
					"DEBUG=1",
					"$(inherited)",
				);
				GCC_SYMBOLS_PRIVATE_EXTERN = NO;
				GCC_WARN_64_TO_32_BIT_CONVERSION = YES;
				GCC_WARN_ABOUT_RETURN_TYPE = YES_ERROR;
				GCC_WARN_UNDECLARED_SELECTOR = YES;
				GCC_WARN_UNINITIALIZED_AUTOS = YES;
				GCC_WARN_UNUSED_FUNCTION = YES;
				GCC_WARN_UNUSED_VARIABLE = YES;
				IPHONEOS_DEPLOYMENT_TARGET = 7.0;
				ONLY_ACTIVE_ARCH = YES;
				SDKROOT = iphoneos;
				TARGETED_DEVICE_FAMILY = "1,2";
			};
			name = Debug;
		};
		4F14A23118A5B0ED00EBB457 /* Release */ = {
			isa = XCBuildConfiguration;
			buildSettings = {
				ALWAYS_SEARCH_USER_PATHS = NO;
				ARCHS = "$(ARCHS_STANDARD_INCLUDING_64_BIT)";
				CLANG_CXX_LANGUAGE_STANDARD = "gnu++0x";
				CLANG_CXX_LIBRARY = "libc++";
				CLANG_ENABLE_MODULES = YES;
				CLANG_ENABLE_OBJC_ARC = YES;
				CLANG_WARN_BOOL_CONVERSION = YES;
				CLANG_WARN_CONSTANT_CONVERSION = YES;
				CLANG_WARN_DIRECT_OBJC_ISA_USAGE = YES_ERROR;
				CLANG_WARN_EMPTY_BODY = YES;
				CLANG_WARN_ENUM_CONVERSION = YES;
				CLANG_WARN_INT_CONVERSION = YES;
				CLANG_WARN_OBJC_ROOT_CLASS = YES_ERROR;
				CLANG_WARN__DUPLICATE_METHOD_MATCH = YES;
				"CODE_SIGN_IDENTITY[sdk=iphoneos*]" = "iPhone Developer";
				COPY_PHASE_STRIP = YES;
				ENABLE_NS_ASSERTIONS = NO;
				GCC_C_LANGUAGE_STANDARD = gnu99;
				GCC_WARN_64_TO_32_BIT_CONVERSION = YES;
				GCC_WARN_ABOUT_RETURN_TYPE = YES_ERROR;
				GCC_WARN_UNDECLARED_SELECTOR = YES;
				GCC_WARN_UNINITIALIZED_AUTOS = YES;
				GCC_WARN_UNUSED_FUNCTION = YES;
				GCC_WARN_UNUSED_VARIABLE = YES;
				IPHONEOS_DEPLOYMENT_TARGET = 7.0;
				SDKROOT = iphoneos;
				TARGETED_DEVICE_FAMILY = "1,2";
				VALIDATE_PRODUCT = YES;
			};
			name = Release;
		};
		4F14A23318A5B0ED00EBB457 /* Debug */ = {
			isa = XCBuildConfiguration;
			buildSettings = {
				ASSETCATALOG_COMPILER_APPICON_NAME = AppIcon;
				ASSETCATALOG_COMPILER_LAUNCHIMAGE_NAME = LaunchImage;
				CLANG_ENABLE_OBJC_ARC = NO;
				CODE_SIGN_IDENTITY = "iPhone Developer";
				"CODE_SIGN_IDENTITY[sdk=iphoneos*]" = "iPhone Developer";
				GCC_PRECOMPILE_PREFIX_HEADER = YES;
				GCC_PREFIX_HEADER = "vineLine/vineLine-Prefix.pch";
				INFOPLIST_FILE = "vineLine/vineLine-Info.plist";
				IPHONEOS_DEPLOYMENT_TARGET = 7.0;
				PRODUCT_NAME = "$(TARGET_NAME)";
				PROVISIONING_PROFILE = "";
				WRAPPER_EXTENSION = app;
			};
			name = Debug;
		};
		4F14A23418A5B0ED00EBB457 /* Release */ = {
			isa = XCBuildConfiguration;
			buildSettings = {
				ASSETCATALOG_COMPILER_APPICON_NAME = AppIcon;
				ASSETCATALOG_COMPILER_LAUNCHIMAGE_NAME = LaunchImage;
				CLANG_ENABLE_OBJC_ARC = NO;
				CODE_SIGN_IDENTITY = "iPhone Developer";
				"CODE_SIGN_IDENTITY[sdk=iphoneos*]" = "iPhone Developer";
				GCC_PRECOMPILE_PREFIX_HEADER = YES;
				GCC_PREFIX_HEADER = "vineLine/vineLine-Prefix.pch";
				INFOPLIST_FILE = "vineLine/vineLine-Info.plist";
				IPHONEOS_DEPLOYMENT_TARGET = 7.0;
				PRODUCT_NAME = "$(TARGET_NAME)";
				PROVISIONING_PROFILE = "";
				WRAPPER_EXTENSION = app;
			};
			name = Release;
		};
		4F14A23618A5B0ED00EBB457 /* Debug */ = {
			isa = XCBuildConfiguration;
			buildSettings = {
				ARCHS = "$(ARCHS_STANDARD_INCLUDING_64_BIT)";
				BUNDLE_LOADER = "$(BUILT_PRODUCTS_DIR)/vineLine.app/vineLine";
				FRAMEWORK_SEARCH_PATHS = (
					"$(SDKROOT)/Developer/Library/Frameworks",
					"$(inherited)",
					"$(DEVELOPER_FRAMEWORKS_DIR)",
				);
				GCC_PRECOMPILE_PREFIX_HEADER = YES;
				GCC_PREFIX_HEADER = "vineLine/vineLine-Prefix.pch";
				GCC_PREPROCESSOR_DEFINITIONS = (
					"DEBUG=1",
					"$(inherited)",
				);
				INFOPLIST_FILE = "vineLineTests/vineLineTests-Info.plist";
				PRODUCT_NAME = "$(TARGET_NAME)";
				TEST_HOST = "$(BUNDLE_LOADER)";
				WRAPPER_EXTENSION = xctest;
			};
			name = Debug;
		};
		4F14A23718A5B0ED00EBB457 /* Release */ = {
			isa = XCBuildConfiguration;
			buildSettings = {
				ARCHS = "$(ARCHS_STANDARD_INCLUDING_64_BIT)";
				BUNDLE_LOADER = "$(BUILT_PRODUCTS_DIR)/vineLine.app/vineLine";
				FRAMEWORK_SEARCH_PATHS = (
					"$(SDKROOT)/Developer/Library/Frameworks",
					"$(inherited)",
					"$(DEVELOPER_FRAMEWORKS_DIR)",
				);
				GCC_PRECOMPILE_PREFIX_HEADER = YES;
				GCC_PREFIX_HEADER = "vineLine/vineLine-Prefix.pch";
				INFOPLIST_FILE = "vineLineTests/vineLineTests-Info.plist";
				PRODUCT_NAME = "$(TARGET_NAME)";
				TEST_HOST = "$(BUNDLE_LOADER)";
				WRAPPER_EXTENSION = xctest;
			};
			name = Release;
		};
/* End XCBuildConfiguration section */

/* Begin XCConfigurationList section */
		4F14A1F818A5B0ED00EBB457 /* Build configuration list for PBXProject "vineLine" */ = {
			isa = XCConfigurationList;
			buildConfigurations = (
				4F14A23018A5B0ED00EBB457 /* Debug */,
				4F14A23118A5B0ED00EBB457 /* Release */,
			);
			defaultConfigurationIsVisible = 0;
			defaultConfigurationName = Release;
		};
		4F14A23218A5B0ED00EBB457 /* Build configuration list for PBXNativeTarget "vineLine" */ = {
			isa = XCConfigurationList;
			buildConfigurations = (
				4F14A23318A5B0ED00EBB457 /* Debug */,
				4F14A23418A5B0ED00EBB457 /* Release */,
			);
			defaultConfigurationIsVisible = 0;
			defaultConfigurationName = Release;
		};
		4F14A23518A5B0ED00EBB457 /* Build configuration list for PBXNativeTarget "vineLineTests" */ = {
			isa = XCConfigurationList;
			buildConfigurations = (
				4F14A23618A5B0ED00EBB457 /* Debug */,
				4F14A23718A5B0ED00EBB457 /* Release */,
			);
			defaultConfigurationIsVisible = 0;
			defaultConfigurationName = Release;
		};
/* End XCConfigurationList section */
	};
	rootObject = 4F14A1F518A5B0ED00EBB457 /* Project object */;
}
